
Microsoft Visual Studio Solution File, Format Version 12.00
# Visual Studio 15
VisualStudioVersion = 15.0.26430.12
MinimumVisualStudioVersion = 10.0.40219.1
Project("{FAE04EC0-301F-11D3-BF4B-00C04F79EFBC}") = "HedgeLib", "HedgeLib\HedgeLib.csproj", "{EEB16FCA-FF9F-40B5-9D43-F2460AA930C8}"
EndProject
Project("{FAE04EC0-301F-11D3-BF4B-00C04F79EFBC}") = "HedgeArchiveEditor", "HedgeTools\HedgeArchiveEditor\HedgeArchiveEditor.csproj", "{5C49913A-A2FF-4A95-9CA9-8A1B1E5B9513}"
EndProject
Project("{FAE04EC0-301F-11D3-BF4B-00C04F79EFBC}") = "HedgeGISMEditor", "HedgeTools\HedgeGISMEditor\HedgeGISMEditor.csproj", "{2EB84FE4-C074-4640-B758-E584EA3F0F29}"
EndProject
Project("{FAE04EC0-301F-11D3-BF4B-00C04F79EFBC}") = "HedgeEdit", "HedgeEdit\HedgeEdit.csproj", "{1E8201CC-233C-484E-A280-B3CBF0583296}"
EndProject
Global
	GlobalSection(SolutionConfigurationPlatforms) = preSolution
		Debug|Any CPU = Debug|Any CPU
		Release|Any CPU = Release|Any CPU
	EndGlobalSection
	GlobalSection(ProjectConfigurationPlatforms) = postSolution
		{EEB16FCA-FF9F-40B5-9D43-F2460AA930C8}.Debug|Any CPU.ActiveCfg = Debug|Any CPU
		{EEB16FCA-FF9F-40B5-9D43-F2460AA930C8}.Debug|Any CPU.Build.0 = Debug|Any CPU
		{EEB16FCA-FF9F-40B5-9D43-F2460AA930C8}.Release|Any CPU.ActiveCfg = Release|Any CPU
		{EEB16FCA-FF9F-40B5-9D43-F2460AA930C8}.Release|Any CPU.Build.0 = Release|Any CPU
		{5C49913A-A2FF-4A95-9CA9-8A1B1E5B9513}.Debug|Any CPU.ActiveCfg = Debug|Any CPU
		{5C49913A-A2FF-4A95-9CA9-8A1B1E5B9513}.Debug|Any CPU.Build.0 = Debug|Any CPU
		{5C49913A-A2FF-4A95-9CA9-8A1B1E5B9513}.Release|Any CPU.ActiveCfg = Release|Any CPU
		{5C49913A-A2FF-4A95-9CA9-8A1B1E5B9513}.Release|Any CPU.Build.0 = Release|Any CPU
		{2EB84FE4-C074-4640-B758-E584EA3F0F29}.Debug|Any CPU.ActiveCfg = Debug|Any CPU
		{2EB84FE4-C074-4640-B758-E584EA3F0F29}.Debug|Any CPU.Build.0 = Debug|Any CPU
		{2EB84FE4-C074-4640-B758-E584EA3F0F29}.Release|Any CPU.ActiveCfg = Release|Any CPU
		{2EB84FE4-C074-4640-B758-E584EA3F0F29}.Release|Any CPU.Build.0 = Release|Any CPU
		{1E8201CC-233C-484E-A280-B3CBF0583296}.Debug|Any CPU.ActiveCfg = Debug|Any CPU
		{1E8201CC-233C-484E-A280-B3CBF0583296}.Debug|Any CPU.Build.0 = Debug|Any CPU
		{1E8201CC-233C-484E-A280-B3CBF0583296}.Release|Any CPU.ActiveCfg = Release|Any CPU
		{1E8201CC-233C-484E-A280-B3CBF0583296}.Release|Any CPU.Build.0 = Release|Any CPU
	EndGlobalSection
	GlobalSection(SolutionProperties) = preSolution
		HideSolutionNode = FALSE
	EndGlobalSection
EndGlobal
