
Microsoft Visual Studio Solution File, Format Version 12.00
# Visual Studio 15
VisualStudioVersion = 15.0.27130.2020
MinimumVisualStudioVersion = 10.0.40219.1
Project("{FAE04EC0-301F-11D3-BF4B-00C04F79EFBC}") = "HedgeLib", "HedgeLib\HedgeLib.csproj", "{EEB16FCA-FF9F-40B5-9D43-F2460AA930C8}"
EndProject
Project("{FAE04EC0-301F-11D3-BF4B-00C04F79EFBC}") = "HedgeArchiveEditor", "HedgeTools\HedgeArchiveEditor\HedgeArchiveEditor.csproj", "{5C49913A-A2FF-4A95-9CA9-8A1B1E5B9513}"
EndProject
Project("{FAE04EC0-301F-11D3-BF4B-00C04F79EFBC}") = "HedgeGISMEditor", "HedgeTools\HedgeGISMEditor\HedgeGISMEditor.csproj", "{2EB84FE4-C074-4640-B758-E584EA3F0F29}"
EndProject
Project("{FAE04EC0-301F-11D3-BF4B-00C04F79EFBC}") = "HedgeEdit", "HedgeEdit\HedgeEdit.csproj", "{1E8201CC-233C-484E-A280-B3CBF0583296}"
EndProject
Project("{FAE04EC0-301F-11D3-BF4B-00C04F79EFBC}") = "HedgeArcPack", "HedgeTools\HedgeArcPack\HedgeArcPack.csproj", "{2C3E5A42-314C-4A1B-9E71-8A34B286F42E}"
EndProject
Project("{FAE04EC0-301F-11D3-BF4B-00C04F79EFBC}") = "HedgePFD", "HedgeTools\HedgePFD\HedgePFD.csproj", "{01BC5182-8158-462E-9577-E3BC39605A4B}"
EndProject
Project("{2150E333-8FDC-42A3-9474-1A3956D46DE8}") = "HedgeTools", "HedgeTools", "{965BE90A-F869-45E1-8F44-97BEBAA12A06}"
EndProject
Project("{FAE04EC0-301F-11D3-BF4B-00C04F79EFBC}") = "ForcesGISMEditor", "HedgeTools\ForcesGISMEditor\ForcesGISMEditor.csproj", "{07D4587C-AE7C-4E98-A3C8-2F08B72600E4}"
EndProject
Project("{FAE04EC0-301F-11D3-BF4B-00C04F79EFBC}") = "HedgeCnvrsEditor", "HedgeTools\HedgeCnvrsEditor\HedgeCnvrsEditor.csproj", "{1B424F08-998B-4575-B2CE-AFE58F79B42D}"
EndProject
Project("{FAE04EC0-301F-11D3-BF4B-00C04F79EFBC}") = "HedgeSCFNTConverter", "HedgeTools\HedgeSCFNTConverter\HedgeSCFNTConverter.csproj", "{9EB0D514-2E5D-4440-B416-7D4DD4559A11}"
EndProject
Global
	GlobalSection(SolutionConfigurationPlatforms) = preSolution
		Debug|Any CPU = Debug|Any CPU
		Release|Any CPU = Release|Any CPU
	EndGlobalSection
	GlobalSection(ProjectConfigurationPlatforms) = postSolution
		{EEB16FCA-FF9F-40B5-9D43-F2460AA930C8}.Debug|Any CPU.ActiveCfg = Debug|Any CPU
		{EEB16FCA-FF9F-40B5-9D43-F2460AA930C8}.Debug|Any CPU.Build.0 = Debug|Any CPU
		{EEB16FCA-FF9F-40B5-9D43-F2460AA930C8}.Release|Any CPU.ActiveCfg = Release|Any CPU
		{EEB16FCA-FF9F-40B5-9D43-F2460AA930C8}.Release|Any CPU.Build.0 = Release|Any CPU
		{5C49913A-A2FF-4A95-9CA9-8A1B1E5B9513}.Debug|Any CPU.ActiveCfg = Debug|Any CPU
		{5C49913A-A2FF-4A95-9CA9-8A1B1E5B9513}.Debug|Any CPU.Build.0 = Debug|Any CPU
		{5C49913A-A2FF-4A95-9CA9-8A1B1E5B9513}.Release|Any CPU.ActiveCfg = Release|Any CPU
		{5C49913A-A2FF-4A95-9CA9-8A1B1E5B9513}.Release|Any CPU.Build.0 = Release|Any CPU
		{2EB84FE4-C074-4640-B758-E584EA3F0F29}.Debug|Any CPU.ActiveCfg = Debug|Any CPU
		{2EB84FE4-C074-4640-B758-E584EA3F0F29}.Debug|Any CPU.Build.0 = Debug|Any CPU
		{2EB84FE4-C074-4640-B758-E584EA3F0F29}.Release|Any CPU.ActiveCfg = Release|Any CPU
		{2EB84FE4-C074-4640-B758-E584EA3F0F29}.Release|Any CPU.Build.0 = Release|Any CPU
		{1E8201CC-233C-484E-A280-B3CBF0583296}.Debug|Any CPU.ActiveCfg = Debug|Any CPU
		{1E8201CC-233C-484E-A280-B3CBF0583296}.Debug|Any CPU.Build.0 = Debug|Any CPU
		{1E8201CC-233C-484E-A280-B3CBF0583296}.Release|Any CPU.ActiveCfg = Release|Any CPU
		{1E8201CC-233C-484E-A280-B3CBF0583296}.Release|Any CPU.Build.0 = Release|Any CPU
		{2C3E5A42-314C-4A1B-9E71-8A34B286F42E}.Debug|Any CPU.ActiveCfg = Debug|Any CPU
		{2C3E5A42-314C-4A1B-9E71-8A34B286F42E}.Debug|Any CPU.Build.0 = Debug|Any CPU
		{2C3E5A42-314C-4A1B-9E71-8A34B286F42E}.Release|Any CPU.ActiveCfg = Release|Any CPU
		{2C3E5A42-314C-4A1B-9E71-8A34B286F42E}.Release|Any CPU.Build.0 = Release|Any CPU
		{01BC5182-8158-462E-9577-E3BC39605A4B}.Debug|Any CPU.ActiveCfg = Debug|Any CPU
		{01BC5182-8158-462E-9577-E3BC39605A4B}.Debug|Any CPU.Build.0 = Debug|Any CPU
		{01BC5182-8158-462E-9577-E3BC39605A4B}.Release|Any CPU.ActiveCfg = Release|Any CPU
		{01BC5182-8158-462E-9577-E3BC39605A4B}.Release|Any CPU.Build.0 = Release|Any CPU
		{07D4587C-AE7C-4E98-A3C8-2F08B72600E4}.Debug|Any CPU.ActiveCfg = Debug|Any CPU
		{07D4587C-AE7C-4E98-A3C8-2F08B72600E4}.Debug|Any CPU.Build.0 = Debug|Any CPU
		{07D4587C-AE7C-4E98-A3C8-2F08B72600E4}.Release|Any CPU.ActiveCfg = Release|Any CPU
		{07D4587C-AE7C-4E98-A3C8-2F08B72600E4}.Release|Any CPU.Build.0 = Release|Any CPU
		{1B424F08-998B-4575-B2CE-AFE58F79B42D}.Debug|Any CPU.ActiveCfg = Debug|Any CPU
		{1B424F08-998B-4575-B2CE-AFE58F79B42D}.Debug|Any CPU.Build.0 = Debug|Any CPU
		{1B424F08-998B-4575-B2CE-AFE58F79B42D}.Release|Any CPU.ActiveCfg = Release|Any CPU
		{1B424F08-998B-4575-B2CE-AFE58F79B42D}.Release|Any CPU.Build.0 = Release|Any CPU
		{9EB0D514-2E5D-4440-B416-7D4DD4559A11}.Debug|Any CPU.ActiveCfg = Debug|Any CPU
		{9EB0D514-2E5D-4440-B416-7D4DD4559A11}.Debug|Any CPU.Build.0 = Debug|Any CPU
		{9EB0D514-2E5D-4440-B416-7D4DD4559A11}.Release|Any CPU.ActiveCfg = Release|Any CPU
		{9EB0D514-2E5D-4440-B416-7D4DD4559A11}.Release|Any CPU.Build.0 = Release|Any CPU
	EndGlobalSection
	GlobalSection(SolutionProperties) = preSolution
		HideSolutionNode = FALSE
	EndGlobalSection
	GlobalSection(NestedProjects) = preSolution
		{5C49913A-A2FF-4A95-9CA9-8A1B1E5B9513} = {965BE90A-F869-45E1-8F44-97BEBAA12A06}
		{2EB84FE4-C074-4640-B758-E584EA3F0F29} = {965BE90A-F869-45E1-8F44-97BEBAA12A06}
		{2C3E5A42-314C-4A1B-9E71-8A34B286F42E} = {965BE90A-F869-45E1-8F44-97BEBAA12A06}
		{01BC5182-8158-462E-9577-E3BC39605A4B} = {965BE90A-F869-45E1-8F44-97BEBAA12A06}
		{07D4587C-AE7C-4E98-A3C8-2F08B72600E4} = {965BE90A-F869-45E1-8F44-97BEBAA12A06}
		{1B424F08-998B-4575-B2CE-AFE58F79B42D} = {965BE90A-F869-45E1-8F44-97BEBAA12A06}
		{9EB0D514-2E5D-4440-B416-7D4DD4559A11} = {965BE90A-F869-45E1-8F44-97BEBAA12A06}
	EndGlobalSection
	GlobalSection(ExtensibilityGlobals) = postSolution
		SolutionGuid = {637995FC-1FB4-45F7-8336-B9C78FAA11F7}
	EndGlobalSection
EndGlobal
